<?xml version="1.0" encoding="utf-8"?>
<Project ToolsVersion="4.0" xmlns="http://schemas.microsoft.com/developer/msbuild/2003">
  <ItemGroup>
    <Filter Include="Source Files">
      <UniqueIdentifier>{4FC737F1-C7A5-4376-A066-2A32D752A2FF}</UniqueIdentifier>
      <Extensions>cpp;c;cc;cxx;def;odl;idl;hpj;bat;asm;asmx</Extensions>
    </Filter>
    <Filter Include="Header Files">
      <UniqueIdentifier>{93995380-89BD-4b04-88EB-625FBE52EBFB}</UniqueIdentifier>
      <Extensions>h;hh;hpp;hxx;hm;inl;inc;xsd</Extensions>
    </Filter>
    <Filter Include="Resource Files">
      <UniqueIdentifier>{67DA6AB6-F800-4c08-8B7A-83BB121AAD01}</UniqueIdentifier>
      <Extensions>rc;ico;cur;bmp;dlg;rc2;rct;bin;rgs;gif;jpg;jpeg;jpe;resx;tiff;tif;png;wav;mfcribbon-ms</Extensions>
    </Filter>
    <Filter Include="Resource Files\Shaders">
      <UniqueIdentifier>{425a5f28-b4e4-4e18-9baf-1e6320f669bd}</UniqueIdentifier>
    </Filter>
  </ItemGroup>
  <ItemGroup>
    <ClCompile Include="OceanSimulation.cpp">
      <Filter>Source Files</Filter>
    </ClCompile>
    <ClCompile Include="SkyBox.cpp">
      <Filter>Source Files</Filter>
    </ClCompile>
    <ClCompile Include="Ocean.cpp">
      <Filter>Source Files</Filter>
    </ClCompile>
    <ClCompile Include="OceanScene.cpp">
      <Filter>Source Files</Filter>
    </ClCompile>
  </ItemGroup>
  <ItemGroup>
    <None Include="Shaders\sky_fshader.glsl">
      <Filter>Resource Files\Shaders</Filter>
    </None>
    <None Include="Shaders\sky_vshader.glsl">
      <Filter>Resource Files\Shaders</Filter>
    </None>
    <None Include="Shaders\vshader.glsl">
      <Filter>Resource Files\Shaders</Filter>
    </None>
    <None Include="Shaders\water_fshader.glsl">
      <Filter>Resource Files\Shaders</Filter>
    </None>
    <None Include="Shaders\water_vshader.glsl">
      <Filter>Resource Files\Shaders</Filter>
    </None>
    <None Include="Shaders\fshader.glsl">
      <Filter>Resource Files\Shaders</Filter>
    </None>
    <None Include="Shaders\skymap_fshader.glsl">
      <Filter>Resource Files\Shaders</Filter>
    </None>
    <None Include="Shaders\skymap_vshader.glsl">
      <Filter>Resource Files\Shaders</Filter>
    </None>
  </ItemGroup>
  <ItemGroup>
    <ClInclude Include="OceanScene.h">
      <Filter>Header Files</Filter>
    </ClInclude>
    <ClInclude Include="SkyBox.h">
      <Filter>Header Files</Filter>
    </ClInclude>
    <ClInclude Include="Ocean.h">
      <Filter>Header Files</Filter>
    </ClInclude>
    <ClInclude Include="ExternalReferences\include\GLFundamentals.hpp">
      <Filter>Header Files</Filter>
    </ClInclude>
    <ClInclude Include="ExternalReferences\include\GLDemonstration.hpp">
      <Filter>Header Files</Filter>
    </ClInclude>
  </ItemGroup>
</Project>